# This file is automatically @generated by Cargo.
# It is not intended for manual editing.
version = 4

[[package]]
name = "bfp16ebs8-probe-runner"
version = "0.0.0"
dependencies = [
 "virtio-accel-core",
 "virtio-accel-xdna",
]

[[package]]
name = "bitflags"
version = "2.13.1"
source = "registry+https://github.com/rust-lang/crates.io-index"
checksum = "b588b76d00fde79687d7646a9b5bdf3cc0f655e0bbd080335a95d7e96f3587da"

[[package]]
name = "flatbuffers"
version = "25.2.10"
source = "registry+https://github.com/rust-lang/crates.io-index"
checksum = "1045398c1bfd89168b5fd3f1fc11f6e70b34f6f66300c87d44d3de849463abf1"
dependencies = [
 "bitflags",
 "rustc_version",
]

[[package]]
name = "rustc_version"
version = "0.4.1"
source = "registry+https://github.com/rust-lang/crates.io-index"
checksum = "cfcb3a22ef46e85b45de6ee7e79d063319ebb6594faafcf1c225ea92ab6e9b92"
dependencies = [
 "semver",
]

[[package]]
name = "semver"
version = "1.0.28"
source = "registry+https://github.com/rust-lang/crates.io-index"
checksum = "8a7852d02fc848982e0c167ef163aaff9cd91dc640ba85e263cb1ce46fae51cd"

[[package]]
name = "virtio-accel-core"
version = "0.3.4"
dependencies = [
 "bitflags",
 "virtio-accel-transport",
]

[[package]]
name = "virtio-accel-tosa"
version = "0.3.4"
dependencies = [
 "flatbuffers",
 "virtio-accel-core",
]

[[package]]
name = "virtio-accel-transport"
version = "0.3.4"

[[package]]
name = "virtio-accel-xdna"
version = "0.3.4"
dependencies = [
 "virtio-accel-core",
 "virtio-accel-tosa",
]
